
Microsoft Visual Studio Solution File, Format Version 12.00
# Visual Studio Version 17
VisualStudioVersion = 17.5.33530.505
MinimumVisualStudioVersion = 10.0.40219.1
Project("{FAE04EC0-301F-11D3-BF4B-00C04F79EFBC}") = "CNGKey", "CNGKey\CNGKey.csproj", "{871A6FE8-0609-4E85-ACA4-A6E1CE0AF104}"
EndProject
Global
	GlobalSection(SolutionConfigurationPlatforms) = preSolution
		Debug|Any CPU = Debug|Any CPU
		Release|Any CPU = Release|Any CPU
	EndGlobalSection
	GlobalSection(ProjectConfigurationPlatforms) = postSolution
		{871A6FE8-0609-4E85-ACA4-A6E1CE0AF104}.Debug|Any CPU.ActiveCfg = Debug|Any CPU
		{871A6FE8-0609-4E85-ACA4-A6E1CE0AF104}.Debug|Any CPU.Build.0 = Debug|Any CPU
		{871A6FE8-0609-4E85-ACA4-A6E1CE0AF104}.Release|Any CPU.ActiveCfg = Release|Any CPU
		{871A6FE8-0609-4E85-ACA4-A6E1CE0AF104}.Release|Any CPU.Build.0 = Release|Any CPU
	EndGlobalSection
	GlobalSection(SolutionProperties) = preSolution
		HideSolutionNode = FALSE
	EndGlobalSection
	GlobalSection(ExtensibilityGlobals) = postSolution
		SolutionGuid = {0F4A269B-C92C-4868-8852-D54CEB20319A}
	EndGlobalSection
EndGlobal
